github.com/tobiashort/ansi-go v0.0.0-20250806124809-2629ce31199d h1:KCznFY8B2c+HW83hT67OEDLmNA4t5sEGrjHVDLA6ZhY=
github.com/tobiashort/ansi-go v0.0.0-20250806124809-2629ce31199d/go.mod h1:yPoTE564mrx3g7842t9vvduaGlzo38iKRjIqtGANbyU=
github.com/tobiashort/ansi-go v0.0.0-20250811200941-0916a2e89f28 h1:N7h6Dpnh2tY61uVxu39WuKcHarXf7CXXwFTPvzDm6jU=
github.com/tobiashort/ansi-go v0.0.0-20250811200941-0916a2e89f28/go.mod h1:yPoTE564mrx3g7842t9vvduaGlzo38iKRjIqtGANbyU=
github.com/tobiashort/ansi-go v0.0.0-20250812160430-9261d3caac43 h1:3hWIPdWLqBjj582zlf3n3ci6v3RE3snA3vJ2M8VTMXQ=
github.com/tobiashort/ansi-go v0.0.0-20250812160430-9261d3caac43/go.mod h1:yPoTE564mrx3g7842t9vvduaGlzo38iKRjIqtGANbyU=
github.com/tobiashort/ansi-go v0.0.0-20250812160856-192158109001 h1:LfLqxPulVXw+NLTp3vNCIoLPbuHejB9E1v+AM0wwDm8=
github.com/tobiashort/ansi-go v0.0.0-20250812160856-192158109001/go.mod h1:yPoTE564mrx3g7842t9vvduaGlzo38iKRjIqtGANbyU=
github.com/tobiashort/cfmt-go v0.0.0-20250811054542-a128c4899fb5 h1:c0ofytvJ1jn9Aanz8sQwVY5sPGjfEzztdgr09siRIyA=
github.com/tobiashort/cfmt-go v0.0.0-20250811054542-a128c4899fb5/go.mod h1:8pFtdCkzBpY6F+Kmqs+Mi7IJL7ysW+lershVsCLWMcc=
github.com/tobiashort/isatty-go v0.0.0-20250729193227-00bbda39413c h1:bHu0yDhCDLYWwUvEf+5KUOzb2VNX8F5E046AWbHkHeY=
github.com/tobiashort/isatty-go v0.0.0-20250729193227-00bbda39413c/go.mod h1:SR1HPbCAU42WyNiMZUkT4uaFR0BhWEUI++hmevlg46Y=
github.com/tobiashort/utils-go v0.0.0-20250809133151-e63ee93a3da7 h1:p7rx4hxWGQsRTd8jxcwXn6VTKb4kWcyeBI8Ep50ocRs=
github.com/tobiashort/utils-go v0.0.0-20250809133151-e63ee93a3da7/go.mod h1:3wsCtfMiXqp06v1rGwOpa8djcN7gBE1aVW7AobOjJBE=
golang.org/x/sys v0.35.0 h1:vz1N37gP5bs89s7He8XuIYXpyY0+QlsKmzipCbUtyxI=
golang.org/x/sys v0.35.0/go.mod h1:BJP2sWEmIv4KK5OTEluFJCKSidICx8ciO85XgH3Ak8k=
golang.org/x/term v0.34.0 h1:O/2T7POpk0ZZ7MAzMeWFSg6S5IpWd/RXDlM9hgM3DR4=
golang.org/x/term v0.34.0/go.mod h1:5jC53AEywhIVebHgPVeg0mj8OD3VO9OzclacVrqpaAw=
